
Microsoft Visual Studio Solution File, Format Version 12.00
# Visual Studio Version 16
VisualStudioVersion = 16.0.31321.278
MinimumVisualStudioVersion = 10.0.40219.1
Project("{FAE04EC0-301F-11D3-BF4B-00C04F79EFBC}") = "Pexeso", "Pexeso\Pexeso.csproj", "{ABA7C2CA-B282-4D65-B4C6-655F1730B892}"
EndProject
Global
	GlobalSection(SolutionConfigurationPlatforms) = preSolution
		Debug|Any CPU = Debug|Any CPU
		Release|Any CPU = Release|Any CPU
	EndGlobalSection
	GlobalSection(ProjectConfigurationPlatforms) = postSolution
		{ABA7C2CA-B282-4D65-B4C6-655F1730B892}.Debug|Any CPU.ActiveCfg = Debug|Any CPU
		{ABA7C2CA-B282-4D65-B4C6-655F1730B892}.Debug|Any CPU.Build.0 = Debug|Any CPU
		{ABA7C2CA-B282-4D65-B4C6-655F1730B892}.Release|Any CPU.ActiveCfg = Release|Any CPU
		{ABA7C2CA-B282-4D65-B4C6-655F1730B892}.Release|Any CPU.Build.0 = Release|Any CPU
	EndGlobalSection
	GlobalSection(SolutionProperties) = preSolution
		HideSolutionNode = FALSE
	EndGlobalSection
	GlobalSection(ExtensibilityGlobals) = postSolution
		SolutionGuid = {0FF260C1-1589-42E4-92B8-D5AC831863DE}
	EndGlobalSection
EndGlobal
